
Microsoft Visual Studio Solution File, Format Version 12.00
# Visual Studio Version 17
VisualStudioVersion = 17.7.34031.279
MinimumVisualStudioVersion = 10.0.40219.1
Project("{FAE04EC0-301F-11D3-BF4B-00C04F79EFBC}") = "DataAccessLayer", "DataAccessLayer\DataAccessLayer.csproj", "{9E1FB468-67C5-4854-8F23-300E9620B508}"
EndProject
Project("{FAE04EC0-301F-11D3-BF4B-00C04F79EFBC}") = "EntityModel", "EntityModel\EntityModel.csproj", "{F3EFB04A-DB77-4B87-B722-F6A34ACB334B}"
EndProject
Project("{FAE04EC0-301F-11D3-BF4B-00C04F79EFBC}") = "BusinessAccessLayer", "BusinessAccessLayer\BusinessAccessLayer.csproj", "{4215F0A9-6AA6-492C-A0FC-F416FCA3E835}"
EndProject
Project("{FAE04EC0-301F-11D3-BF4B-00C04F79EFBC}") = "TablewareYouNeedV2", "TablewareYouNeedV2\TablewareYouNeedV2.csproj", "{1425FCAE-3C64-49AD-B755-9D9B1B67A13A}"
EndProject
Global
	GlobalSection(SolutionConfigurationPlatforms) = preSolution
		Debug|Any CPU = Debug|Any CPU
		Release|Any CPU = Release|Any CPU
	EndGlobalSection
	GlobalSection(ProjectConfigurationPlatforms) = postSolution
		{9E1FB468-67C5-4854-8F23-300E9620B508}.Debug|Any CPU.ActiveCfg = Debug|Any CPU
		{9E1FB468-67C5-4854-8F23-300E9620B508}.Debug|Any CPU.Build.0 = Debug|Any CPU
		{9E1FB468-67C5-4854-8F23-300E9620B508}.Release|Any CPU.ActiveCfg = Release|Any CPU
		{9E1FB468-67C5-4854-8F23-300E9620B508}.Release|Any CPU.Build.0 = Release|Any CPU
		{F3EFB04A-DB77-4B87-B722-F6A34ACB334B}.Debug|Any CPU.ActiveCfg = Debug|Any CPU
		{F3EFB04A-DB77-4B87-B722-F6A34ACB334B}.Debug|Any CPU.Build.0 = Debug|Any CPU
		{F3EFB04A-DB77-4B87-B722-F6A34ACB334B}.Release|Any CPU.ActiveCfg = Release|Any CPU
		{F3EFB04A-DB77-4B87-B722-F6A34ACB334B}.Release|Any CPU.Build.0 = Release|Any CPU
		{4215F0A9-6AA6-492C-A0FC-F416FCA3E835}.Debug|Any CPU.ActiveCfg = Debug|Any CPU
		{4215F0A9-6AA6-492C-A0FC-F416FCA3E835}.Debug|Any CPU.Build.0 = Debug|Any CPU
		{4215F0A9-6AA6-492C-A0FC-F416FCA3E835}.Release|Any CPU.ActiveCfg = Release|Any CPU
		{4215F0A9-6AA6-492C-A0FC-F416FCA3E835}.Release|Any CPU.Build.0 = Release|Any CPU
		{1425FCAE-3C64-49AD-B755-9D9B1B67A13A}.Debug|Any CPU.ActiveCfg = Debug|Any CPU
		{1425FCAE-3C64-49AD-B755-9D9B1B67A13A}.Debug|Any CPU.Build.0 = Debug|Any CPU
		{1425FCAE-3C64-49AD-B755-9D9B1B67A13A}.Release|Any CPU.ActiveCfg = Release|Any CPU
		{1425FCAE-3C64-49AD-B755-9D9B1B67A13A}.Release|Any CPU.Build.0 = Release|Any CPU
	EndGlobalSection
	GlobalSection(SolutionProperties) = preSolution
		HideSolutionNode = FALSE
	EndGlobalSection
	GlobalSection(ExtensibilityGlobals) = postSolution
		SolutionGuid = {B1B3A411-7339-4191-B1C2-6D436DE9D399}
	EndGlobalSection
EndGlobal
